
Microsoft Visual Studio Solution File, Format Version 12.00
# Visual Studio Version 17
VisualStudioVersion = 17.5.2.0
MinimumVisualStudioVersion = 10.0.40219.1
Project("{2150E333-8FDC-42A3-9474-1A3956D46DE8}") = "HelloWorld_ConsoleApp", "HelloWorld_ConsoleApp", "{D3CD8241-CA74-5CB8-CE1D-7CCC94C72F8E}"
EndProject
Project("{FAE04EC0-301F-11D3-BF4B-00C04F79EFBC}") = "HelloWorld_ConsoleApp", "HelloWorld_ConsoleApp\HelloWorld_ConsoleApp\HelloWorld_ConsoleApp.csproj", "{B8CC0EBC-8FCB-1484-F370-3A8E04DE9D07}"
EndProject
Project("{FAE04EC0-301F-11D3-BF4B-00C04F79EFBC}") = "FirstBlazorApp", "FirstBlazorApp\FirstBlazorApp\FirstBlazorApp.csproj", "{79BEB32F-9FD1-49AC-B8EB-7818EE126C9F}"
EndProject
Global
	GlobalSection(SolutionConfigurationPlatforms) = preSolution
		Debug|Any CPU = Debug|Any CPU
		Debug|x64 = Debug|x64
		Debug|x86 = Debug|x86
		Release|Any CPU = Release|Any CPU
		Release|x64 = Release|x64
		Release|x86 = Release|x86
	EndGlobalSection
	GlobalSection(ProjectConfigurationPlatforms) = postSolution
		{B8CC0EBC-8FCB-1484-F370-3A8E04DE9D07}.Debug|Any CPU.ActiveCfg = Debug|Any CPU
		{B8CC0EBC-8FCB-1484-F370-3A8E04DE9D07}.Debug|Any CPU.Build.0 = Debug|Any CPU
		{B8CC0EBC-8FCB-1484-F370-3A8E04DE9D07}.Debug|x64.ActiveCfg = Debug|Any CPU
		{B8CC0EBC-8FCB-1484-F370-3A8E04DE9D07}.Debug|x64.Build.0 = Debug|Any CPU
		{B8CC0EBC-8FCB-1484-F370-3A8E04DE9D07}.Debug|x86.ActiveCfg = Debug|Any CPU
		{B8CC0EBC-8FCB-1484-F370-3A8E04DE9D07}.Debug|x86.Build.0 = Debug|Any CPU
		{B8CC0EBC-8FCB-1484-F370-3A8E04DE9D07}.Release|Any CPU.ActiveCfg = Release|Any CPU
		{B8CC0EBC-8FCB-1484-F370-3A8E04DE9D07}.Release|Any CPU.Build.0 = Release|Any CPU
		{B8CC0EBC-8FCB-1484-F370-3A8E04DE9D07}.Release|x64.ActiveCfg = Release|Any CPU
		{B8CC0EBC-8FCB-1484-F370-3A8E04DE9D07}.Release|x64.Build.0 = Release|Any CPU
		{B8CC0EBC-8FCB-1484-F370-3A8E04DE9D07}.Release|x86.ActiveCfg = Release|Any CPU
		{B8CC0EBC-8FCB-1484-F370-3A8E04DE9D07}.Release|x86.Build.0 = Release|Any CPU
		{79BEB32F-9FD1-49AC-B8EB-7818EE126C9F}.Debug|Any CPU.ActiveCfg = Debug|Any CPU
		{79BEB32F-9FD1-49AC-B8EB-7818EE126C9F}.Debug|Any CPU.Build.0 = Debug|Any CPU
		{79BEB32F-9FD1-49AC-B8EB-7818EE126C9F}.Debug|x64.ActiveCfg = Debug|Any CPU
		{79BEB32F-9FD1-49AC-B8EB-7818EE126C9F}.Debug|x64.Build.0 = Debug|Any CPU
		{79BEB32F-9FD1-49AC-B8EB-7818EE126C9F}.Debug|x86.ActiveCfg = Debug|Any CPU
		{79BEB32F-9FD1-49AC-B8EB-7818EE126C9F}.Debug|x86.Build.0 = Debug|Any CPU
		{79BEB32F-9FD1-49AC-B8EB-7818EE126C9F}.Release|Any CPU.ActiveCfg = Release|Any CPU
		{79BEB32F-9FD1-49AC-B8EB-7818EE126C9F}.Release|Any CPU.Build.0 = Release|Any CPU
		{79BEB32F-9FD1-49AC-B8EB-7818EE126C9F}.Release|x64.ActiveCfg = Release|Any CPU
		{79BEB32F-9FD1-49AC-B8EB-7818EE126C9F}.Release|x64.Build.0 = Release|Any CPU
		{79BEB32F-9FD1-49AC-B8EB-7818EE126C9F}.Release|x86.ActiveCfg = Release|Any CPU
		{79BEB32F-9FD1-49AC-B8EB-7818EE126C9F}.Release|x86.Build.0 = Release|Any CPU
	EndGlobalSection
	GlobalSection(SolutionProperties) = preSolution
		HideSolutionNode = FALSE
	EndGlobalSection
	GlobalSection(NestedProjects) = preSolution
		{B8CC0EBC-8FCB-1484-F370-3A8E04DE9D07} = {D3CD8241-CA74-5CB8-CE1D-7CCC94C72F8E}
	EndGlobalSection
	GlobalSection(ExtensibilityGlobals) = postSolution
		SolutionGuid = {213519A8-1967-4EF4-8FDC-FD6F8B30BC3C}
	EndGlobalSection
EndGlobal
